// !$*UTF8*$!
{
	archiveVersion = 1;
	classes = {
	};
	objectVersion = 46;
	objects = {

/* Begin PBXBuildFile section */
		42028B8B1BFC291800A335EA /* MantleModelMaker.m in Sources */ = {isa = PBXBuildFile; fileRef = 42028B8A1BFC291800A335EA /* MantleModelMaker.m */; };
		42028B8E1BFC293B00A335EA /* MJModelMaker.m in Sources */ = {isa = PBXBuildFile; fileRef = 42028B8D1BFC293B00A335EA /* MJModelMaker.m */; };
		42028B971BFC50F800A335EA /* GCStatus.m in Sources */ = {isa = PBXBuildFile; fileRef = 42028B941BFC50F800A335EA /* GCStatus.m */; };
		42028B981BFC50F800A335EA /* GCTestModel.m in Sources */ = {isa = PBXBuildFile; fileRef = 42028B961BFC50F800A335EA /* GCTestModel.m */; };
		4204396B1BFE3299009B9782 /* README in Resources */ = {isa = PBXBuildFile; fileRef = 4204396A1BFE3299009B9782 /* README */; };
		420C2DAE1C0D8D1400AAE149 /* GJAPICacheRequest.m in Sources */ = {isa = PBXBuildFile; fileRef = 420C2DA91C0D8D1400AAE149 /* GJAPICacheRequest.m */; };
		420C2DAF1C0D8D1400AAE149 /* GJBaseRequest.m in Sources */ = {isa = PBXBuildFile; fileRef = 420C2DAB1C0D8D1400AAE149 /* GJBaseRequest.m */; };
		420C2DB01C0D8D1400AAE149 /* GJModelRequest.m in Sources */ = {isa = PBXBuildFile; fileRef = 420C2DAD1C0D8D1400AAE149 /* GJModelRequest.m */; };
		420F41221BF584530072CD56 /* GJHTTPManager.m in Sources */ = {isa = PBXBuildFile; fileRef = 420F41211BF584530072CD56 /* GJHTTPManager.m */; };
		420F412A1BF5CBDC0072CD56 /* GJNetworkingConfig.m in Sources */ = {isa = PBXBuildFile; fileRef = 420F41291BF5CBDC0072CD56 /* GJNetworkingConfig.m */; };
		420F41311BF9E42A0072CD56 /* MYRequest.m in Sources */ = {isa = PBXBuildFile; fileRef = 420F41301BF9E42A0072CD56 /* MYRequest.m */; };
		42CAF9A01BF4388500A9EC75 /* main.m in Sources */ = {isa = PBXBuildFile; fileRef = 42CAF99F1BF4388500A9EC75 /* main.m */; };
		42CAF9A31BF4388500A9EC75 /* AppDelegate.m in Sources */ = {isa = PBXBuildFile; fileRef = 42CAF9A21BF4388500A9EC75 /* AppDelegate.m */; };
		42CAF9A61BF4388500A9EC75 /* ViewController.m in Sources */ = {isa = PBXBuildFile; fileRef = 42CAF9A51BF4388500A9EC75 /* ViewController.m */; };
		42CAF9A91BF4388500A9EC75 /* Main.storyboard in Resources */ = {isa = PBXBuildFile; fileRef = 42CAF9A71BF4388500A9EC75 /* Main.storyboard */; };
		42CAF9AB1BF4388500A9EC75 /* Assets.xcassets in Resources */ = {isa = PBXBuildFile; fileRef = 42CAF9AA1BF4388500A9EC75 /* Assets.xcassets */; };
		42CAF9AE1BF4388500A9EC75 /* LaunchScreen.storyboard in Resources */ = {isa = PBXBuildFile; fileRef = 42CAF9AC1BF4388500A9EC75 /* LaunchScreen.storyboard */; };
		4E366D4C6E5623478CAAAD8B /* libPods.a in Frameworks */ = {isa = PBXBuildFile; fileRef = 746802635AB3F2927FF3994E /* libPods.a */; };
/* End PBXBuildFile section */

/* Begin PBXFileReference section */
		42028B891BFC291800A335EA /* MantleModelMaker.h */ = {isa = PBXFileReference; fileEncoding = 4; lastKnownFileType = sourcecode.c.h; path = MantleModelMaker.h; sourceTree = "<group>"; };
		42028B8A1BFC291800A335EA /* MantleModelMaker.m */ = {isa = PBXFileReference; fileEncoding = 4; lastKnownFileType = sourcecode.c.objc; path = MantleModelMaker.m; sourceTree = "<group>"; };
		42028B8C1BFC293B00A335EA /* MJModelMaker.h */ = {isa = PBXFileReference; fileEncoding = 4; lastKnownFileType = sourcecode.c.h; path = MJModelMaker.h; sourceTree = "<group>"; };
		42028B8D1BFC293B00A335EA /* MJModelMaker.m */ = {isa = PBXFileReference; fileEncoding = 4; lastKnownFileType = sourcecode.c.objc; path = MJModelMaker.m; sourceTree = "<group>"; };
		42028B931BFC50F800A335EA /* GCStatus.h */ = {isa = PBXFileReference; fileEncoding = 4; lastKnownFileType = sourcecode.c.h; path = GCStatus.h; sourceTree = "<group>"; };
		42028B941BFC50F800A335EA /* GCStatus.m */ = {isa = PBXFileReference; fileEncoding = 4; lastKnownFileType = sourcecode.c.objc; path = GCStatus.m; sourceTree = "<group>"; };
		42028B951BFC50F800A335EA /* GCTestModel.h */ = {isa = PBXFileReference; fileEncoding = 4; lastKnownFileType = sourcecode.c.h; path = GCTestModel.h; sourceTree = "<group>"; };
		42028B961BFC50F800A335EA /* GCTestModel.m */ = {isa = PBXFileReference; fileEncoding = 4; lastKnownFileType = sourcecode.c.objc; path = GCTestModel.m; sourceTree = "<group>"; };
		4204396A1BFE3299009B9782 /* README */ = {isa = PBXFileReference; fileEncoding = 4; lastKnownFileType = text; path = README; sourceTree = "<group>"; };
		420C2DA81C0D8D1400AAE149 /* GJAPICacheRequest.h */ = {isa = PBXFileReference; fileEncoding = 4; lastKnownFileType = sourcecode.c.h; path = GJAPICacheRequest.h; sourceTree = "<group>"; };
		420C2DA91C0D8D1400AAE149 /* GJAPICacheRequest.m */ = {isa = PBXFileReference; fileEncoding = 4; lastKnownFileType = sourcecode.c.objc; path = GJAPICacheRequest.m; sourceTree = "<group>"; };
		420C2DAA1C0D8D1400AAE149 /* GJBaseRequest.h */ = {isa = PBXFileReference; fileEncoding = 4; lastKnownFileType = sourcecode.c.h; path = GJBaseRequest.h; sourceTree = "<group>"; };
		420C2DAB1C0D8D1400AAE149 /* GJBaseRequest.m */ = {isa = PBXFileReference; fileEncoding = 4; lastKnownFileType = sourcecode.c.objc; path = GJBaseRequest.m; sourceTree = "<group>"; };
		420C2DAC1C0D8D1400AAE149 /* GJModelRequest.h */ = {isa = PBXFileReference; fileEncoding = 4; lastKnownFileType = sourcecode.c.h; path = GJModelRequest.h; sourceTree = "<group>"; };
		420C2DAD1C0D8D1400AAE149 /* GJModelRequest.m */ = {isa = PBXFileReference; fileEncoding = 4; lastKnownFileType = sourcecode.c.objc; path = GJModelRequest.m; sourceTree = "<group>"; };
		420F41201BF584530072CD56 /* GJHTTPManager.h */ = {isa = PBXFileReference; fileEncoding = 4; lastKnownFileType = sourcecode.c.h; path = GJHTTPManager.h; sourceTree = "<group>"; };
		420F41211BF584530072CD56 /* GJHTTPManager.m */ = {isa = PBXFileReference; fileEncoding = 4; lastKnownFileType = sourcecode.c.objc; path = GJHTTPManager.m; sourceTree = "<group>"; };
		420F41271BF5867C0072CD56 /* GJRequestProtocol.h */ = {isa = PBXFileReference; lastKnownFileType = sourcecode.c.h; path = GJRequestProtocol.h; sourceTree = "<group>"; };
		420F41281BF5CBDC0072CD56 /* GJNetworkingConfig.h */ = {isa = PBXFileReference; fileEncoding = 4; lastKnownFileType = sourcecode.c.h; path = GJNetworkingConfig.h; sourceTree = "<group>"; };
		420F41291BF5CBDC0072CD56 /* GJNetworkingConfig.m */ = {isa = PBXFileReference; fileEncoding = 4; lastKnownFileType = sourcecode.c.objc; path = GJNetworkingConfig.m; sourceTree = "<group>"; };
		420F412F1BF9E42A0072CD56 /* MYRequest.h */ = {isa = PBXFileReference; fileEncoding = 4; lastKnownFileType = sourcecode.c.h; path = MYRequest.h; sourceTree = "<group>"; };
		420F41301BF9E42A0072CD56 /* MYRequest.m */ = {isa = PBXFileReference; fileEncoding = 4; lastKnownFileType = sourcecode.c.objc; path = MYRequest.m; sourceTree = "<group>"; };
		42CAF99B1BF4388500A9EC75 /* GJNetWorking.app */ = {isa = PBXFileReference; explicitFileType = wrapper.application; includeInIndex = 0; path = GJNetWorking.app; sourceTree = BUILT_PRODUCTS_DIR; };
		42CAF99F1BF4388500A9EC75 /* main.m */ = {isa = PBXFileReference; lastKnownFileType = sourcecode.c.objc; path = main.m; sourceTree = "<group>"; };
		42CAF9A11BF4388500A9EC75 /* AppDelegate.h */ = {isa = PBXFileReference; lastKnownFileType = sourcecode.c.h; path = AppDelegate.h; sourceTree = "<group>"; };
		42CAF9A21BF4388500A9EC75 /* AppDelegate.m */ = {isa = PBXFileReference; lastKnownFileType = sourcecode.c.objc; path = AppDelegate.m; sourceTree = "<group>"; };
		42CAF9A41BF4388500A9EC75 /* ViewController.h */ = {isa = PBXFileReference; lastKnownFileType = sourcecode.c.h; path = ViewController.h; sourceTree = "<group>"; };
		42CAF9A51BF4388500A9EC75 /* ViewController.m */ = {isa = PBXFileReference; lastKnownFileType = sourcecode.c.objc; path = ViewController.m; sourceTree = "<group>"; };
		42CAF9A81BF4388500A9EC75 /* Base */ = {isa = PBXFileReference; lastKnownFileType = file.storyboard; name = Base; path = Base.lproj/Main.storyboard; sourceTree = "<group>"; };
		42CAF9AA1BF4388500A9EC75 /* Assets.xcassets */ = {isa = PBXFileReference; lastKnownFileType = folder.assetcatalog; path = Assets.xcassets; sourceTree = "<group>"; };
		42CAF9AD1BF4388500A9EC75 /* Base */ = {isa = PBXFileReference; lastKnownFileType = file.storyboard; name = Base; path = Base.lproj/LaunchScreen.storyboard; sourceTree = "<group>"; };
		42CAF9AF1BF4388500A9EC75 /* Info.plist */ = {isa = PBXFileReference; lastKnownFileType = text.plist.xml; path = Info.plist; sourceTree = "<group>"; };
		42FF7B1D1BFAD55D00CEC219 /* GJModelMakerDelegate.h */ = {isa = PBXFileReference; lastKnownFileType = sourcecode.c.h; path = GJModelMakerDelegate.h; sourceTree = "<group>"; };
		746802635AB3F2927FF3994E /* libPods.a */ = {isa = PBXFileReference; explicitFileType = archive.ar; includeInIndex = 0; path = libPods.a; sourceTree = BUILT_PRODUCTS_DIR; };
		9045DB41ED987D511CE7DD4E /* Pods.debug.xcconfig */ = {isa = PBXFileReference; includeInIndex = 1; lastKnownFileType = text.xcconfig; name = Pods.debug.xcconfig; path = "Pods/Target Support Files/Pods/Pods.debug.xcconfig"; sourceTree = "<group>"; };
		C11EC16BBF7F95C00B7A3BAF /* Pods.release.xcconfig */ = {isa = PBXFileReference; includeInIndex = 1; lastKnownFileType = text.xcconfig; name = Pods.release.xcconfig; path = "Pods/Target Support Files/Pods/Pods.release.xcconfig"; sourceTree = "<group>"; };
/* End PBXFileReference section */

/* Begin PBXFrameworksBuildPhase section */
		42CAF9981BF4388500A9EC75 /* Frameworks */ = {
			isa = PBXFrameworksBuildPhase;
			buildActionMask = 2147483647;
			files = (
				4E366D4C6E5623478CAAAD8B /* libPods.a in Frameworks */,
			);
			runOnlyForDeploymentPostprocessing = 0;
		};
/* End PBXFrameworksBuildPhase section */

/* Begin PBXGroup section */
		42028B881BFC28FC00A335EA /* ModelMakers */ = {
			isa = PBXGroup;
			children = (
				42028B891BFC291800A335EA /* MantleModelMaker.h */,
				42028B8A1BFC291800A335EA /* MantleModelMaker.m */,
				42028B8C1BFC293B00A335EA /* MJModelMaker.h */,
				42028B8D1BFC293B00A335EA /* MJModelMaker.m */,
			);
			path = ModelMakers;
			sourceTree = "<group>";
		};
		42028B921BFC50F800A335EA /* Models */ = {
			isa = PBXGroup;
			children = (
				42028B931BFC50F800A335EA /* GCStatus.h */,
				42028B941BFC50F800A335EA /* GCStatus.m */,
				42028B951BFC50F800A335EA /* GCTestModel.h */,
				42028B961BFC50F800A335EA /* GCTestModel.m */,
			);
			path = Models;
			sourceTree = "<group>";
		};
		420C2DA71C0D8D1400AAE149 /* Request */ = {
			isa = PBXGroup;
			children = (
				420C2DA81C0D8D1400AAE149 /* GJAPICacheRequest.h */,
				420C2DA91C0D8D1400AAE149 /* GJAPICacheRequest.m */,
				420C2DAA1C0D8D1400AAE149 /* GJBaseRequest.h */,
				420C2DAB1C0D8D1400AAE149 /* GJBaseRequest.m */,
				420C2DAC1C0D8D1400AAE149 /* GJModelRequest.h */,
				420C2DAD1C0D8D1400AAE149 /* GJModelRequest.m */,
			);
			path = Request;
			sourceTree = "<group>";
		};
		420F411F1BF583A60072CD56 /* GJNetWorking */ = {
			isa = PBXGroup;
			children = (
				420C2DA71C0D8D1400AAE149 /* Request */,
				420F41271BF5867C0072CD56 /* GJRequestProtocol.h */,
				42FF7B1D1BFAD55D00CEC219 /* GJModelMakerDelegate.h */,
				420F41201BF584530072CD56 /* GJHTTPManager.h */,
				420F41211BF584530072CD56 /* GJHTTPManager.m */,
				420F41281BF5CBDC0072CD56 /* GJNetworkingConfig.h */,
				420F41291BF5CBDC0072CD56 /* GJNetworkingConfig.m */,
			);
			path = GJNetWorking;
			sourceTree = "<group>";
		};
		42CAF9921BF4388500A9EC75 = {
			isa = PBXGroup;
			children = (
				42CAF99D1BF4388500A9EC75 /* GJNetWorking */,
				42CAF99C1BF4388500A9EC75 /* Products */,
				4EF17056A42DB3C006EBE438 /* Pods */,
				53368743B2F2D7BD6A47F957 /* Frameworks */,
			);
			sourceTree = "<group>";
		};
		42CAF99C1BF4388500A9EC75 /* Products */ = {
			isa = PBXGroup;
			children = (
				42CAF99B1BF4388500A9EC75 /* GJNetWorking.app */,
			);
			name = Products;
			sourceTree = "<group>";
		};
		42CAF99D1BF4388500A9EC75 /* GJNetWorking */ = {
			isa = PBXGroup;
			children = (
				4204396A1BFE3299009B9782 /* README */,
				420F411F1BF583A60072CD56 /* GJNetWorking */,
				42028B881BFC28FC00A335EA /* ModelMakers */,
				42028B921BFC50F800A335EA /* Models */,
				42CAF9A11BF4388500A9EC75 /* AppDelegate.h */,
				42CAF9A21BF4388500A9EC75 /* AppDelegate.m */,
				42CAF9A41BF4388500A9EC75 /* ViewController.h */,
				42CAF9A51BF4388500A9EC75 /* ViewController.m */,
				420F412F1BF9E42A0072CD56 /* MYRequest.h */,
				420F41301BF9E42A0072CD56 /* MYRequest.m */,
				42CAF9A71BF4388500A9EC75 /* Main.storyboard */,
				42CAF9AA1BF4388500A9EC75 /* Assets.xcassets */,
				42CAF9AC1BF4388500A9EC75 /* LaunchScreen.storyboard */,
				42CAF9AF1BF4388500A9EC75 /* Info.plist */,
				42CAF99E1BF4388500A9EC75 /* Supporting Files */,
			);
			path = GJNetWorking;
			sourceTree = "<group>";
		};
		42CAF99E1BF4388500A9EC75 /* Supporting Files */ = {
			isa = PBXGroup;
			children = (
				42CAF99F1BF4388500A9EC75 /* main.m */,
			);
			name = "Supporting Files";
			sourceTree = "<group>";
		};
		4EF17056A42DB3C006EBE438 /* Pods */ = {
			isa = PBXGroup;
			children = (
				9045DB41ED987D511CE7DD4E /* Pods.debug.xcconfig */,
				C11EC16BBF7F95C00B7A3BAF /* Pods.release.xcconfig */,
			);
			name = Pods;
			sourceTree = "<group>";
		};
		53368743B2F2D7BD6A47F957 /* Frameworks */ = {
			isa = PBXGroup;
			children = (
				746802635AB3F2927FF3994E /* libPods.a */,
			);
			name = Frameworks;
			sourceTree = "<group>";
		};
/* End PBXGroup section */

/* Begin PBXNativeTarget section */
		42CAF99A1BF4388500A9EC75 /* GJNetWorking */ = {
			isa = PBXNativeTarget;
			buildConfigurationList = 42CAF9B21BF4388500A9EC75 /* Build configuration list for PBXNativeTarget "GJNetWorking" */;
			buildPhases = (
				A1FEE96D69D8986C97C09413 /* Check Pods Manifest.lock */,
				42CAF9971BF4388500A9EC75 /* Sources */,
				42CAF9981BF4388500A9EC75 /* Frameworks */,
				42CAF9991BF4388500A9EC75 /* Resources */,
				CB434EF7317F28E6AF1375CB /* Embed Pods Frameworks */,
				02BB6514D173DB4A37376E9D /* Copy Pods Resources */,
			);
			buildRules = (
			);
			dependencies = (
			);
			name = GJNetWorking;
			productName = GJNetWorking;
			productReference = 42CAF99B1BF4388500A9EC75 /* GJNetWorking.app */;
			productType = "com.apple.product-type.application";
		};
/* End PBXNativeTarget section */

/* Begin PBXProject section */
		42CAF9931BF4388500A9EC75 /* Project object */ = {
			isa = PBXProject;
			attributes = {
				LastUpgradeCheck = 0710;
				ORGANIZATIONNAME = wangyutao;
				TargetAttributes = {
					42CAF99A1BF4388500A9EC75 = {
						CreatedOnToolsVersion = 7.1.1;
					};
				};
			};
			buildConfigurationList = 42CAF9961BF4388500A9EC75 /* Build configuration list for PBXProject "GJNetWorking" */;
			compatibilityVersion = "Xcode 3.2";
			developmentRegion = English;
			hasScannedForEncodings = 0;
			knownRegions = (
				en,
				Base,
			);
			mainGroup = 42CAF9921BF4388500A9EC75;
			productRefGroup = 42CAF99C1BF4388500A9EC75 /* Products */;
			projectDirPath = "";
			projectRoot = "";
			targets = (
				42CAF99A1BF4388500A9EC75 /* GJNetWorking */,
			);
		};
/* End PBXProject section */

/* Begin PBXResourcesBuildPhase section */
		42CAF9991BF4388500A9EC75 /* Resources */ = {
			isa = PBXResourcesBuildPhase;
			buildActionMask = 2147483647;
			files = (
				4204396B1BFE3299009B9782 /* README in Resources */,
				42CAF9AE1BF4388500A9EC75 /* LaunchScreen.storyboard in Resources */,
				42CAF9AB1BF4388500A9EC75 /* Assets.xcassets in Resources */,
				42CAF9A91BF4388500A9EC75 /* Main.storyboard in Resources */,
			);
			runOnlyForDeploymentPostprocessing = 0;
		};
/* End PBXResourcesBuildPhase section */

/* Begin PBXShellScriptBuildPhase section */
		02BB6514D173DB4A37376E9D /* Copy Pods Resources */ = {
			isa = PBXShellScriptBuildPhase;
			buildActionMask = 2147483647;
			files = (
			);
			inputPaths = (
			);
			name = "Copy Pods Resources";
			outputPaths = (
			);
			runOnlyForDeploymentPostprocessing = 0;
			shellPath = /bin/sh;
			shellScript = "\"${SRCROOT}/Pods/Target Support Files/Pods/Pods-resources.sh\"\n";
			showEnvVarsInLog = 0;
		};
		A1FEE96D69D8986C97C09413 /* Check Pods Manifest.lock */ = {
			isa = PBXShellScriptBuildPhase;
			buildActionMask = 2147483647;
			files = (
			);
			inputPaths = (
			);
			name = "Check Pods Manifest.lock";
			outputPaths = (
			);
			runOnlyForDeploymentPostprocessing = 0;
			shellPath = /bin/sh;
			shellScript = "diff \"${PODS_ROOT}/../Podfile.lock\" \"${PODS_ROOT}/Manifest.lock\" > /dev/null\nif [[ $? != 0 ]] ; then\n    cat << EOM\nerror: The sandbox is not in sync with the Podfile.lock. Run 'pod install' or update your CocoaPods installation.\nEOM\n    exit 1\nfi\n";
			showEnvVarsInLog = 0;
		};
		CB434EF7317F28E6AF1375CB /* Embed Pods Frameworks */ = {
			isa = PBXShellScriptBuildPhase;
			buildActionMask = 2147483647;
			files = (
			);
			inputPaths = (
			);
			name = "Embed Pods Frameworks";
			outputPaths = (
			);
			runOnlyForDeploymentPostprocessing = 0;
			shellPath = /bin/sh;
			shellScript = "\"${SRCROOT}/Pods/Target Support Files/Pods/Pods-frameworks.sh\"\n";
			showEnvVarsInLog = 0;
		};
/* End PBXShellScriptBuildPhase section */

/* Begin PBXSourcesBuildPhase section */
		42CAF9971BF4388500A9EC75 /* Sources */ = {
			isa = PBXSourcesBuildPhase;
			buildActionMask = 2147483647;
			files = (
				42028B981BFC50F800A335EA /* GCTestModel.m in Sources */,
				42028B8B1BFC291800A335EA /* MantleModelMaker.m in Sources */,
				420C2DAE1C0D8D1400AAE149 /* GJAPICacheRequest.m in Sources */,
				42CAF9A61BF4388500A9EC75 /* ViewController.m in Sources */,
				420F412A1BF5CBDC0072CD56 /* GJNetworkingConfig.m in Sources */,
				420C2DB01C0D8D1400AAE149 /* GJModelRequest.m in Sources */,
				42CAF9A31BF4388500A9EC75 /* AppDelegate.m in Sources */,
				420F41221BF584530072CD56 /* GJHTTPManager.m in Sources */,
				420C2DAF1C0D8D1400AAE149 /* GJBaseRequest.m in Sources */,
				420F41311BF9E42A0072CD56 /* MYRequest.m in Sources */,
				42CAF9A01BF4388500A9EC75 /* main.m in Sources */,
				42028B8E1BFC293B00A335EA /* MJModelMaker.m in Sources */,
				42028B971BFC50F800A335EA /* GCStatus.m in Sources */,
			);
			runOnlyForDeploymentPostprocessing = 0;
		};
/* End PBXSourcesBuildPhase section */

/* Begin PBXVariantGroup section */
		42CAF9A71BF4388500A9EC75 /* Main.storyboard */ = {
			isa = PBXVariantGroup;
			children = (
				42CAF9A81BF4388500A9EC75 /* Base */,
			);
			name = Main.storyboard;
			sourceTree = "<group>";
		};
		42CAF9AC1BF4388500A9EC75 /* LaunchScreen.storyboard */ = {
			isa = PBXVariantGroup;
			children = (
				42CAF9AD1BF4388500A9EC75 /* Base */,
			);
			name = LaunchScreen.storyboard;
			sourceTree = "<group>";
		};
/* End PBXVariantGroup section */

/* Begin XCBuildConfiguration section */
		42CAF9B01BF4388500A9EC75 /* Debug */ = {
			isa = XCBuildConfiguration;
			buildSettings = {
				ALWAYS_SEARCH_USER_PATHS = NO;
				CLANG_CXX_LANGUAGE_STANDARD = "gnu++0x";
				CLANG_CXX_LIBRARY = "libc++";
				CLANG_ENABLE_MODULES = YES;
				CLANG_ENABLE_OBJC_ARC = YES;
				CLANG_WARN_BOOL_CONVERSION = YES;
				CLANG_WARN_CONSTANT_CONVERSION = YES;
				CLANG_WARN_DIRECT_OBJC_ISA_USAGE = YES_ERROR;
				CLANG_WARN_EMPTY_BODY = YES;
				CLANG_WARN_ENUM_CONVERSION = YES;
				CLANG_WARN_INT_CONVERSION = YES;
				CLANG_WARN_OBJC_ROOT_CLASS = YES_ERROR;
				CLANG_WARN_UNREACHABLE_CODE = YES;
				CLANG_WARN__DUPLICATE_METHOD_MATCH = YES;
				"CODE_SIGN_IDENTITY[sdk=iphoneos*]" = "iPhone Developer";
				COPY_PHASE_STRIP = NO;
				DEBUG_INFORMATION_FORMAT = dwarf;
				ENABLE_STRICT_OBJC_MSGSEND = YES;
				ENABLE_TESTABILITY = YES;
				GCC_C_LANGUAGE_STANDARD = gnu99;
				GCC_DYNAMIC_NO_PIC = NO;
				GCC_NO_COMMON_BLOCKS = YES;
				GCC_OPTIMIZATION_LEVEL = 0;
				GCC_PREPROCESSOR_DEFINITIONS = (
					"DEBUG=1",
					"$(inherited)",
				);
				GCC_WARN_64_TO_32_BIT_CONVERSION = YES;
				GCC_WARN_ABOUT_RETURN_TYPE = YES_ERROR;
				GCC_WARN_UNDECLARED_SELECTOR = YES;
				GCC_WARN_UNINITIALIZED_AUTOS = YES_AGGRESSIVE;
				GCC_WARN_UNUSED_FUNCTION = YES;
				GCC_WARN_UNUSED_VARIABLE = YES;
				IPHONEOS_DEPLOYMENT_TARGET = 9.1;
				MTL_ENABLE_DEBUG_INFO = YES;
				ONLY_ACTIVE_ARCH = YES;
				SDKROOT = iphoneos;
			};
			name = Debug;
		};
		42CAF9B11BF4388500A9EC75 /* Release */ = {
			isa = XCBuildConfiguration;
			buildSettings = {
				ALWAYS_SEARCH_USER_PATHS = NO;
				CLANG_CXX_LANGUAGE_STANDARD = "gnu++0x";
				CLANG_CXX_LIBRARY = "libc++";
				CLANG_ENABLE_MODULES = YES;
				CLANG_ENABLE_OBJC_ARC = YES;
				CLANG_WARN_BOOL_CONVERSION = YES;
				CLANG_WARN_CONSTANT_CONVERSION = YES;
				CLANG_WARN_DIRECT_OBJC_ISA_USAGE = YES_ERROR;
				CLANG_WARN_EMPTY_BODY = YES;
				CLANG_WARN_ENUM_CONVERSION = YES;
				CLANG_WARN_INT_CONVERSION = YES;
				CLANG_WARN_OBJC_ROOT_CLASS = YES_ERROR;
				CLANG_WARN_UNREACHABLE_CODE = YES;
				CLANG_WARN__DUPLICATE_METHOD_MATCH = YES;
				"CODE_SIGN_IDENTITY[sdk=iphoneos*]" = "iPhone Developer";
				COPY_PHASE_STRIP = NO;
				DEBUG_INFORMATION_FORMAT = "dwarf-with-dsym";
				ENABLE_NS_ASSERTIONS = NO;
				ENABLE_STRICT_OBJC_MSGSEND = YES;
				GCC_C_LANGUAGE_STANDARD = gnu99;
				GCC_NO_COMMON_BLOCKS = YES;
				GCC_WARN_64_TO_32_BIT_CONVERSION = YES;
				GCC_WARN_ABOUT_RETURN_TYPE = YES_ERROR;
				GCC_WARN_UNDECLARED_SELECTOR = YES;
				GCC_WARN_UNINITIALIZED_AUTOS = YES_AGGRESSIVE;
				GCC_WARN_UNUSED_FUNCTION = YES;
				GCC_WARN_UNUSED_VARIABLE = YES;
				IPHONEOS_DEPLOYMENT_TARGET = 9.1;
				MTL_ENABLE_DEBUG_INFO = NO;
				SDKROOT = iphoneos;
				VALIDATE_PRODUCT = YES;
			};
			name = Release;
		};
		42CAF9B31BF4388500A9EC75 /* Debug */ = {
			isa = XCBuildConfiguration;
			baseConfigurationReference = 9045DB41ED987D511CE7DD4E /* Pods.debug.xcconfig */;
			buildSettings = {
				ASSETCATALOG_COMPILER_APPICON_NAME = AppIcon;
				INFOPLIST_FILE = GJNetWorking/Info.plist;
				LD_RUNPATH_SEARCH_PATHS = "$(inherited) @executable_path/Frameworks";
				PRODUCT_BUNDLE_IDENTIFIER = com.creditease.GJNetWorking;
				PRODUCT_NAME = "$(TARGET_NAME)";
			};
			name = Debug;
		};
		42CAF9B41BF4388500A9EC75 /* Release */ = {
			isa = XCBuildConfiguration;
			baseConfigurationReference = C11EC16BBF7F95C00B7A3BAF /* Pods.release.xcconfig */;
			buildSettings = {
				ASSETCATALOG_COMPILER_APPICON_NAME = AppIcon;
				INFOPLIST_FILE = GJNetWorking/Info.plist;
				LD_RUNPATH_SEARCH_PATHS = "$(inherited) @executable_path/Frameworks";
				PRODUCT_BUNDLE_IDENTIFIER = com.creditease.GJNetWorking;
				PRODUCT_NAME = "$(TARGET_NAME)";
			};
			name = Release;
		};
/* End XCBuildConfiguration section */

/* Begin XCConfigurationList section */
		42CAF9961BF4388500A9EC75 /* Build configuration list for PBXProject "GJNetWorking" */ = {
			isa = XCConfigurationList;
			buildConfigurations = (
				42CAF9B01BF4388500A9EC75 /* Debug */,
				42CAF9B11BF4388500A9EC75 /* Release */,
			);
			defaultConfigurationIsVisible = 0;
			defaultConfigurationName = Release;
		};
		42CAF9B21BF4388500A9EC75 /* Build configuration list for PBXNativeTarget "GJNetWorking" */ = {
			isa = XCConfigurationList;
			buildConfigurations = (
				42CAF9B31BF4388500A9EC75 /* Debug */,
				42CAF9B41BF4388500A9EC75 /* Release */,
			);
			defaultConfigurationIsVisible = 0;
			defaultConfigurationName = Release;
		};
/* End XCConfigurationList section */
	};
	rootObject = 42CAF9931BF4388500A9EC75 /* Project object */;
}
